// !$*UTF8*$!
{
	archiveVersion = 1;
	classes = {
	};
	objectVersion = 46;
	objects = {

/* Begin PBXBuildFile section */
		0F6F1BF01CA275DE0047FB89 /* main.m in Sources */ = {isa = PBXBuildFile; fileRef = 0F6F1BEF1CA275DE0047FB89 /* main.m */; };
		0F6F1BF31CA275DE0047FB89 /* AppDelegate.m in Sources */ = {isa = PBXBuildFile; fileRef = 0F6F1BF21CA275DE0047FB89 /* AppDelegate.m */; };
		0F6F1BF61CA275DE0047FB89 /* ViewController.m in Sources */ = {isa = PBXBuildFile; fileRef = 0F6F1BF51CA275DE0047FB89 /* ViewController.m */; };
		0F6F1BF91CA275DE0047FB89 /* Main.storyboard in Resources */ = {isa = PBXBuildFile; fileRef = 0F6F1BF71CA275DE0047FB89 /* Main.storyboard */; };
		0F6F1BFB1CA275DE0047FB89 /* Assets.xcassets in Resources */ = {isa = PBXBuildFile; fileRef = 0F6F1BFA1CA275DE0047FB89 /* Assets.xcassets */; };
		0F6F1BFE1CA275DE0047FB89 /* LaunchScreen.storyboard in Resources */ = {isa = PBXBuildFile; fileRef = 0F6F1BFC1CA275DE0047FB89 /* LaunchScreen.storyboard */; };
		0F6F1C091CA275DE0047FB89 /* LwCircleViewTests.m in Sources */ = {isa = PBXBuildFile; fileRef = 0F6F1C081CA275DE0047FB89 /* LwCircleViewTests.m */; };
		0F6F1C141CA275DE0047FB89 /* LwCircleViewUITests.m in Sources */ = {isa = PBXBuildFile; fileRef = 0F6F1C131CA275DE0047FB89 /* LwCircleViewUITests.m */; };
		0F6F1C241CA276880047FB89 /* DDCircleInterestView.m in Sources */ = {isa = PBXBuildFile; fileRef = 0F6F1C231CA276880047FB89 /* DDCircleInterestView.m */; };
/* End PBXBuildFile section */

/* Begin PBXContainerItemProxy section */
		0F6F1C051CA275DE0047FB89 /* PBXContainerItemProxy */ = {
			isa = PBXContainerItemProxy;
			containerPortal = 0F6F1BE31CA275DE0047FB89 /* Project object */;
			proxyType = 1;
			remoteGlobalIDString = 0F6F1BEA1CA275DE0047FB89;
			remoteInfo = LwCircleView;
		};
		0F6F1C101CA275DE0047FB89 /* PBXContainerItemProxy */ = {
			isa = PBXContainerItemProxy;
			containerPortal = 0F6F1BE31CA275DE0047FB89 /* Project object */;
			proxyType = 1;
			remoteGlobalIDString = 0F6F1BEA1CA275DE0047FB89;
			remoteInfo = LwCircleView;
		};
/* End PBXContainerItemProxy section */

/* Begin PBXFileReference section */
		0F6F1BEB1CA275DE0047FB89 /* LwCircleView.app */ = {isa = PBXFileReference; explicitFileType = wrapper.application; includeInIndex = 0; path = LwCircleView.app; sourceTree = BUILT_PRODUCTS_DIR; };
		0F6F1BEF1CA275DE0047FB89 /* main.m */ = {isa = PBXFileReference; lastKnownFileType = sourcecode.c.objc; path = main.m; sourceTree = "<group>"; };
		0F6F1BF11CA275DE0047FB89 /* AppDelegate.h */ = {isa = PBXFileReference; lastKnownFileType = sourcecode.c.h; path = AppDelegate.h; sourceTree = "<group>"; };
		0F6F1BF21CA275DE0047FB89 /* AppDelegate.m */ = {isa = PBXFileReference; lastKnownFileType = sourcecode.c.objc; path = AppDelegate.m; sourceTree = "<group>"; };
		0F6F1BF41CA275DE0047FB89 /* ViewController.h */ = {isa = PBXFileReference; lastKnownFileType = sourcecode.c.h; path = ViewController.h; sourceTree = "<group>"; };
		0F6F1BF51CA275DE0047FB89 /* ViewController.m */ = {isa = PBXFileReference; lastKnownFileType = sourcecode.c.objc; path = ViewController.m; sourceTree = "<group>"; };
		0F6F1BF81CA275DE0047FB89 /* Base */ = {isa = PBXFileReference; lastKnownFileType = file.storyboard; name = Base; path = Base.lproj/Main.storyboard; sourceTree = "<group>"; };
		0F6F1BFA1CA275DE0047FB89 /* Assets.xcassets */ = {isa = PBXFileReference; lastKnownFileType = folder.assetcatalog; path = Assets.xcassets; sourceTree = "<group>"; };
		0F6F1BFD1CA275DE0047FB89 /* Base */ = {isa = PBXFileReference; lastKnownFileType = file.storyboard; name = Base; path = Base.lproj/LaunchScreen.storyboard; sourceTree = "<group>"; };
		0F6F1BFF1CA275DE0047FB89 /* Info.plist */ = {isa = PBXFileReference; lastKnownFileType = text.plist.xml; path = Info.plist; sourceTree = "<group>"; };
		0F6F1C041CA275DE0047FB89 /* LwCircleViewTests.xctest */ = {isa = PBXFileReference; explicitFileType = wrapper.cfbundle; includeInIndex = 0; path = LwCircleViewTests.xctest; sourceTree = BUILT_PRODUCTS_DIR; };
		0F6F1C081CA275DE0047FB89 /* LwCircleViewTests.m */ = {isa = PBXFileReference; lastKnownFileType = sourcecode.c.objc; path = LwCircleViewTests.m; sourceTree = "<group>"; };
		0F6F1C0A1CA275DE0047FB89 /* Info.plist */ = {isa = PBXFileReference; lastKnownFileType = text.plist.xml; path = Info.plist; sourceTree = "<group>"; };
		0F6F1C0F1CA275DE0047FB89 /* LwCircleViewUITests.xctest */ = {isa = PBXFileReference; explicitFileType = wrapper.cfbundle; includeInIndex = 0; path = LwCircleViewUITests.xctest; sourceTree = BUILT_PRODUCTS_DIR; };
		0F6F1C131CA275DE0047FB89 /* LwCircleViewUITests.m */ = {isa = PBXFileReference; lastKnownFileType = sourcecode.c.objc; path = LwCircleViewUITests.m; sourceTree = "<group>"; };
		0F6F1C151CA275DE0047FB89 /* Info.plist */ = {isa = PBXFileReference; lastKnownFileType = text.plist.xml; path = Info.plist; sourceTree = "<group>"; };
		0F6F1C221CA276880047FB89 /* DDCircleInterestView.h */ = {isa = PBXFileReference; fileEncoding = 4; lastKnownFileType = sourcecode.c.h; path = DDCircleInterestView.h; sourceTree = "<group>"; };
		0F6F1C231CA276880047FB89 /* DDCircleInterestView.m */ = {isa = PBXFileReference; fileEncoding = 4; lastKnownFileType = sourcecode.c.objc; path = DDCircleInterestView.m; sourceTree = "<group>"; };
/* End PBXFileReference section */

/* Begin PBXFrameworksBuildPhase section */
		0F6F1BE81CA275DE0047FB89 /* Frameworks */ = {
			isa = PBXFrameworksBuildPhase;
			buildActionMask = 2147483647;
			files = (
			);
			runOnlyForDeploymentPostprocessing = 0;
		};
		0F6F1C011CA275DE0047FB89 /* Frameworks */ = {
			isa = PBXFrameworksBuildPhase;
			buildActionMask = 2147483647;
			files = (
			);
			runOnlyForDeploymentPostprocessing = 0;
		};
		0F6F1C0C1CA275DE0047FB89 /* Frameworks */ = {
			isa = PBXFrameworksBuildPhase;
			buildActionMask = 2147483647;
			files = (
			);
			runOnlyForDeploymentPostprocessing = 0;
		};
/* End PBXFrameworksBuildPhase section */

/* Begin PBXGroup section */
		0F6F1BE21CA275DE0047FB89 = {
			isa = PBXGroup;
			children = (
				0F6F1BED1CA275DE0047FB89 /* LwCircleView */,
				0F6F1C071CA275DE0047FB89 /* LwCircleViewTests */,
				0F6F1C121CA275DE0047FB89 /* LwCircleViewUITests */,
				0F6F1BEC1CA275DE0047FB89 /* Products */,
			);
			sourceTree = "<group>";
		};
		0F6F1BEC1CA275DE0047FB89 /* Products */ = {
			isa = PBXGroup;
			children = (
				0F6F1BEB1CA275DE0047FB89 /* LwCircleView.app */,
				0F6F1C041CA275DE0047FB89 /* LwCircleViewTests.xctest */,
				0F6F1C0F1CA275DE0047FB89 /* LwCircleViewUITests.xctest */,
			);
			name = Products;
			sourceTree = "<group>";
		};
		0F6F1BED1CA275DE0047FB89 /* LwCircleView */ = {
			isa = PBXGroup;
			children = (
				0F6F1C211CA275FB0047FB89 /* CircleView */,
				0F6F1BF11CA275DE0047FB89 /* AppDelegate.h */,
				0F6F1BF21CA275DE0047FB89 /* AppDelegate.m */,
				0F6F1BF41CA275DE0047FB89 /* ViewController.h */,
				0F6F1BF51CA275DE0047FB89 /* ViewController.m */,
				0F6F1BF71CA275DE0047FB89 /* Main.storyboard */,
				0F6F1BFA1CA275DE0047FB89 /* Assets.xcassets */,
				0F6F1BFC1CA275DE0047FB89 /* LaunchScreen.storyboard */,
				0F6F1BFF1CA275DE0047FB89 /* Info.plist */,
				0F6F1BEE1CA275DE0047FB89 /* Supporting Files */,
			);
			path = LwCircleView;
			sourceTree = "<group>";
		};
		0F6F1BEE1CA275DE0047FB89 /* Supporting Files */ = {
			isa = PBXGroup;
			children = (
				0F6F1BEF1CA275DE0047FB89 /* main.m */,
			);
			name = "Supporting Files";
			sourceTree = "<group>";
		};
		0F6F1C071CA275DE0047FB89 /* LwCircleViewTests */ = {
			isa = PBXGroup;
			children = (
				0F6F1C081CA275DE0047FB89 /* LwCircleViewTests.m */,
				0F6F1C0A1CA275DE0047FB89 /* Info.plist */,
			);
			path = LwCircleViewTests;
			sourceTree = "<group>";
		};
		0F6F1C121CA275DE0047FB89 /* LwCircleViewUITests */ = {
			isa = PBXGroup;
			children = (
				0F6F1C131CA275DE0047FB89 /* LwCircleViewUITests.m */,
				0F6F1C151CA275DE0047FB89 /* Info.plist */,
			);
			path = LwCircleViewUITests;
			sourceTree = "<group>";
		};
		0F6F1C211CA275FB0047FB89 /* CircleView */ = {
			isa = PBXGroup;
			children = (
				0F6F1C221CA276880047FB89 /* DDCircleInterestView.h */,
				0F6F1C231CA276880047FB89 /* DDCircleInterestView.m */,
			);
			path = CircleView;
			sourceTree = "<group>";
		};
/* End PBXGroup section */

/* Begin PBXNativeTarget section */
		0F6F1BEA1CA275DE0047FB89 /* LwCircleView */ = {
			isa = PBXNativeTarget;
			buildConfigurationList = 0F6F1C181CA275DE0047FB89 /* Build configuration list for PBXNativeTarget "LwCircleView" */;
			buildPhases = (
				0F6F1BE71CA275DE0047FB89 /* Sources */,
				0F6F1BE81CA275DE0047FB89 /* Frameworks */,
				0F6F1BE91CA275DE0047FB89 /* Resources */,
			);
			buildRules = (
			);
			dependencies = (
			);
			name = LwCircleView;
			productName = LwCircleView;
			productReference = 0F6F1BEB1CA275DE0047FB89 /* LwCircleView.app */;
			productType = "com.apple.product-type.application";
		};
		0F6F1C031CA275DE0047FB89 /* LwCircleViewTests */ = {
			isa = PBXNativeTarget;
			buildConfigurationList = 0F6F1C1B1CA275DE0047FB89 /* Build configuration list for PBXNativeTarget "LwCircleViewTests" */;
			buildPhases = (
				0F6F1C001CA275DE0047FB89 /* Sources */,
				0F6F1C011CA275DE0047FB89 /* Frameworks */,
				0F6F1C021CA275DE0047FB89 /* Resources */,
			);
			buildRules = (
			);
			dependencies = (
				0F6F1C061CA275DE0047FB89 /* PBXTargetDependency */,
			);
			name = LwCircleViewTests;
			productName = LwCircleViewTests;
			productReference = 0F6F1C041CA275DE0047FB89 /* LwCircleViewTests.xctest */;
			productType = "com.apple.product-type.bundle.unit-test";
		};
		0F6F1C0E1CA275DE0047FB89 /* LwCircleViewUITests */ = {
			isa = PBXNativeTarget;
			buildConfigurationList = 0F6F1C1E1CA275DE0047FB89 /* Build configuration list for PBXNativeTarget "LwCircleViewUITests" */;
			buildPhases = (
				0F6F1C0B1CA275DE0047FB89 /* Sources */,
				0F6F1C0C1CA275DE0047FB89 /* Frameworks */,
				0F6F1C0D1CA275DE0047FB89 /* Resources */,
			);
			buildRules = (
			);
			dependencies = (
				0F6F1C111CA275DE0047FB89 /* PBXTargetDependency */,
			);
			name = LwCircleViewUITests;
			productName = LwCircleViewUITests;
			productReference = 0F6F1C0F1CA275DE0047FB89 /* LwCircleViewUITests.xctest */;
			productType = "com.apple.product-type.bundle.ui-testing";
		};
/* End PBXNativeTarget section */

/* Begin PBXProject section */
		0F6F1BE31CA275DE0047FB89 /* Project object */ = {
			isa = PBXProject;
			attributes = {
				LastUpgradeCheck = 0730;
				ORGANIZATIONNAME = appleDeveloper;
				TargetAttributes = {
					0F6F1BEA1CA275DE0047FB89 = {
						CreatedOnToolsVersion = 7.3;
					};
					0F6F1C031CA275DE0047FB89 = {
						CreatedOnToolsVersion = 7.3;
						TestTargetID = 0F6F1BEA1CA275DE0047FB89;
					};
					0F6F1C0E1CA275DE0047FB89 = {
						CreatedOnToolsVersion = 7.3;
						TestTargetID = 0F6F1BEA1CA275DE0047FB89;
					};
				};
			};
			buildConfigurationList = 0F6F1BE61CA275DE0047FB89 /* Build configuration list for PBXProject "LwCircleView" */;
			compatibilityVersion = "Xcode 3.2";
			developmentRegion = English;
			hasScannedForEncodings = 0;
			knownRegions = (
				en,
				Base,
			);
			mainGroup = 0F6F1BE21CA275DE0047FB89;
			productRefGroup = 0F6F1BEC1CA275DE0047FB89 /* Products */;
			projectDirPath = "";
			projectRoot = "";
			targets = (
				0F6F1BEA1CA275DE0047FB89 /* LwCircleView */,
				0F6F1C031CA275DE0047FB89 /* LwCircleViewTests */,
				0F6F1C0E1CA275DE0047FB89 /* LwCircleViewUITests */,
			);
		};
/* End PBXProject section */

/* Begin PBXResourcesBuildPhase section */
		0F6F1BE91CA275DE0047FB89 /* Resources */ = {
			isa = PBXResourcesBuildPhase;
			buildActionMask = 2147483647;
			files = (
				0F6F1BFE1CA275DE0047FB89 /* LaunchScreen.storyboard in Resources */,
				0F6F1BFB1CA275DE0047FB89 /* Assets.xcassets in Resources */,
				0F6F1BF91CA275DE0047FB89 /* Main.storyboard in Resources */,
			);
			runOnlyForDeploymentPostprocessing = 0;
		};
		0F6F1C021CA275DE0047FB89 /* Resources */ = {
			isa = PBXResourcesBuildPhase;
			buildActionMask = 2147483647;
			files = (
			);
			runOnlyForDeploymentPostprocessing = 0;
		};
		0F6F1C0D1CA275DE0047FB89 /* Resources */ = {
			isa = PBXResourcesBuildPhase;
			buildActionMask = 2147483647;
			files = (
			);
			runOnlyForDeploymentPostprocessing = 0;
		};
/* End PBXResourcesBuildPhase section */

/* Begin PBXSourcesBuildPhase section */
		0F6F1BE71CA275DE0047FB89 /* Sources */ = {
			isa = PBXSourcesBuildPhase;
			buildActionMask = 2147483647;
			files = (
				0F6F1C241CA276880047FB89 /* DDCircleInterestView.m in Sources */,
				0F6F1BF61CA275DE0047FB89 /* ViewController.m in Sources */,
				0F6F1BF31CA275DE0047FB89 /* AppDelegate.m in Sources */,
				0F6F1BF01CA275DE0047FB89 /* main.m in Sources */,
			);
			runOnlyForDeploymentPostprocessing = 0;
		};
		0F6F1C001CA275DE0047FB89 /* Sources */ = {
			isa = PBXSourcesBuildPhase;
			buildActionMask = 2147483647;
			files = (
				0F6F1C091CA275DE0047FB89 /* LwCircleViewTests.m in Sources */,
			);
			runOnlyForDeploymentPostprocessing = 0;
		};
		0F6F1C0B1CA275DE0047FB89 /* Sources */ = {
			isa = PBXSourcesBuildPhase;
			buildActionMask = 2147483647;
			files = (
				0F6F1C141CA275DE0047FB89 /* LwCircleViewUITests.m in Sources */,
			);
			runOnlyForDeploymentPostprocessing = 0;
		};
/* End PBXSourcesBuildPhase section */

/* Begin PBXTargetDependency section */
		0F6F1C061CA275DE0047FB89 /* PBXTargetDependency */ = {
			isa = PBXTargetDependency;
			target = 0F6F1BEA1CA275DE0047FB89 /* LwCircleView */;
			targetProxy = 0F6F1C051CA275DE0047FB89 /* PBXContainerItemProxy */;
		};
		0F6F1C111CA275DE0047FB89 /* PBXTargetDependency */ = {
			isa = PBXTargetDependency;
			target = 0F6F1BEA1CA275DE0047FB89 /* LwCircleView */;
			targetProxy = 0F6F1C101CA275DE0047FB89 /* PBXContainerItemProxy */;
		};
/* End PBXTargetDependency section */

/* Begin PBXVariantGroup section */
		0F6F1BF71CA275DE0047FB89 /* Main.storyboard */ = {
			isa = PBXVariantGroup;
			children = (
				0F6F1BF81CA275DE0047FB89 /* Base */,
			);
			name = Main.storyboard;
			sourceTree = "<group>";
		};
		0F6F1BFC1CA275DE0047FB89 /* LaunchScreen.storyboard */ = {
			isa = PBXVariantGroup;
			children = (
				0F6F1BFD1CA275DE0047FB89 /* Base */,
			);
			name = LaunchScreen.storyboard;
			sourceTree = "<group>";
		};
/* End PBXVariantGroup section */

/* Begin XCBuildConfiguration section */
		0F6F1C161CA275DE0047FB89 /* Debug */ = {
			isa = XCBuildConfiguration;
			buildSettings = {
				ALWAYS_SEARCH_USER_PATHS = NO;
				CLANG_ANALYZER_NONNULL = YES;
				CLANG_CXX_LANGUAGE_STANDARD = "gnu++0x";
				CLANG_CXX_LIBRARY = "libc++";
				CLANG_ENABLE_MODULES = YES;
				CLANG_ENABLE_OBJC_ARC = YES;
				CLANG_WARN_BOOL_CONVERSION = YES;
				CLANG_WARN_CONSTANT_CONVERSION = YES;
				CLANG_WARN_DIRECT_OBJC_ISA_USAGE = YES_ERROR;
				CLANG_WARN_EMPTY_BODY = YES;
				CLANG_WARN_ENUM_CONVERSION = YES;
				CLANG_WARN_INT_CONVERSION = YES;
				CLANG_WARN_OBJC_ROOT_CLASS = YES_ERROR;
				CLANG_WARN_UNREACHABLE_CODE = YES;
				CLANG_WARN__DUPLICATE_METHOD_MATCH = YES;
				"CODE_SIGN_IDENTITY[sdk=iphoneos*]" = "iPhone Developer";
				COPY_PHASE_STRIP = NO;
				DEBUG_INFORMATION_FORMAT = dwarf;
				ENABLE_STRICT_OBJC_MSGSEND = YES;
				ENABLE_TESTABILITY = YES;
				GCC_C_LANGUAGE_STANDARD = gnu99;
				GCC_DYNAMIC_NO_PIC = NO;
				GCC_NO_COMMON_BLOCKS = YES;
				GCC_OPTIMIZATION_LEVEL = 0;
				GCC_PREPROCESSOR_DEFINITIONS = (
					"DEBUG=1",
					"$(inherited)",
				);
				GCC_WARN_64_TO_32_BIT_CONVERSION = YES;
				GCC_WARN_ABOUT_RETURN_TYPE = YES_ERROR;
				GCC_WARN_UNDECLARED_SELECTOR = YES;
				GCC_WARN_UNINITIALIZED_AUTOS = YES_AGGRESSIVE;
				GCC_WARN_UNUSED_FUNCTION = YES;
				GCC_WARN_UNUSED_VARIABLE = YES;
				IPHONEOS_DEPLOYMENT_TARGET = 8.0;
				MTL_ENABLE_DEBUG_INFO = YES;
				ONLY_ACTIVE_ARCH = YES;
				SDKROOT = iphoneos;
				TARGETED_DEVICE_FAMILY = "1,2";
			};
			name = Debug;
		};
		0F6F1C171CA275DE0047FB89 /* Release */ = {
			isa = XCBuildConfiguration;
			buildSettings = {
				ALWAYS_SEARCH_USER_PATHS = NO;
				CLANG_ANALYZER_NONNULL = YES;
				CLANG_CXX_LANGUAGE_STANDARD = "gnu++0x";
				CLANG_CXX_LIBRARY = "libc++";
				CLANG_ENABLE_MODULES = YES;
				CLANG_ENABLE_OBJC_ARC = YES;
				CLANG_WARN_BOOL_CONVERSION = YES;
				CLANG_WARN_CONSTANT_CONVERSION = YES;
				CLANG_WARN_DIRECT_OBJC_ISA_USAGE = YES_ERROR;
				CLANG_WARN_EMPTY_BODY = YES;
				CLANG_WARN_ENUM_CONVERSION = YES;
				CLANG_WARN_INT_CONVERSION = YES;
				CLANG_WARN_OBJC_ROOT_CLASS = YES_ERROR;
				CLANG_WARN_UNREACHABLE_CODE = YES;
				CLANG_WARN__DUPLICATE_METHOD_MATCH = YES;
				"CODE_SIGN_IDENTITY[sdk=iphoneos*]" = "iPhone Developer";
				COPY_PHASE_STRIP = NO;
				DEBUG_INFORMATION_FORMAT = "dwarf-with-dsym";
				ENABLE_NS_ASSERTIONS = NO;
				ENABLE_STRICT_OBJC_MSGSEND = YES;
				GCC_C_LANGUAGE_STANDARD = gnu99;
				GCC_NO_COMMON_BLOCKS = YES;
				GCC_WARN_64_TO_32_BIT_CONVERSION = YES;
				GCC_WARN_ABOUT_RETURN_TYPE = YES_ERROR;
				GCC_WARN_UNDECLARED_SELECTOR = YES;
				GCC_WARN_UNINITIALIZED_AUTOS = YES_AGGRESSIVE;
				GCC_WARN_UNUSED_FUNCTION = YES;
				GCC_WARN_UNUSED_VARIABLE = YES;
				IPHONEOS_DEPLOYMENT_TARGET = 8.0;
				MTL_ENABLE_DEBUG_INFO = NO;
				SDKROOT = iphoneos;
				TARGETED_DEVICE_FAMILY = "1,2";
				VALIDATE_PRODUCT = YES;
			};
			name = Release;
		};
		0F6F1C191CA275DE0047FB89 /* Debug */ = {
			isa = XCBuildConfiguration;
			buildSettings = {
				ASSETCATALOG_COMPILER_APPICON_NAME = AppIcon;
				INFOPLIST_FILE = LwCircleView/Info.plist;
				IPHONEOS_DEPLOYMENT_TARGET = 8.0;
				LD_RUNPATH_SEARCH_PATHS = "$(inherited) @executable_path/Frameworks";
				PRODUCT_BUNDLE_IDENTIFIER = sss.LwCircleView;
				PRODUCT_NAME = "$(TARGET_NAME)";
			};
			name = Debug;
		};
		0F6F1C1A1CA275DE0047FB89 /* Release */ = {
			isa = XCBuildConfiguration;
			buildSettings = {
				ASSETCATALOG_COMPILER_APPICON_NAME = AppIcon;
				INFOPLIST_FILE = LwCircleView/Info.plist;
				IPHONEOS_DEPLOYMENT_TARGET = 8.0;
				LD_RUNPATH_SEARCH_PATHS = "$(inherited) @executable_path/Frameworks";
				PRODUCT_BUNDLE_IDENTIFIER = sss.LwCircleView;
				PRODUCT_NAME = "$(TARGET_NAME)";
			};
			name = Release;
		};
		0F6F1C1C1CA275DE0047FB89 /* Debug */ = {
			isa = XCBuildConfiguration;
			buildSettings = {
				BUNDLE_LOADER = "$(TEST_HOST)";
				INFOPLIST_FILE = LwCircleViewTests/Info.plist;
				LD_RUNPATH_SEARCH_PATHS = "$(inherited) @executable_path/Frameworks @loader_path/Frameworks";
				PRODUCT_BUNDLE_IDENTIFIER = sss.LwCircleViewTests;
				PRODUCT_NAME = "$(TARGET_NAME)";
				TEST_HOST = "$(BUILT_PRODUCTS_DIR)/LwCircleView.app/LwCircleView";
			};
			name = Debug;
		};
		0F6F1C1D1CA275DE0047FB89 /* Release */ = {
			isa = XCBuildConfiguration;
			buildSettings = {
				BUNDLE_LOADER = "$(TEST_HOST)";
				INFOPLIST_FILE = LwCircleViewTests/Info.plist;
				LD_RUNPATH_SEARCH_PATHS = "$(inherited) @executable_path/Frameworks @loader_path/Frameworks";
				PRODUCT_BUNDLE_IDENTIFIER = sss.LwCircleViewTests;
				PRODUCT_NAME = "$(TARGET_NAME)";
				TEST_HOST = "$(BUILT_PRODUCTS_DIR)/LwCircleView.app/LwCircleView";
			};
			name = Release;
		};
		0F6F1C1F1CA275DE0047FB89 /* Debug */ = {
			isa = XCBuildConfiguration;
			buildSettings = {
				INFOPLIST_FILE = LwCircleViewUITests/Info.plist;
				LD_RUNPATH_SEARCH_PATHS = "$(inherited) @executable_path/Frameworks @loader_path/Frameworks";
				PRODUCT_BUNDLE_IDENTIFIER = sss.LwCircleViewUITests;
				PRODUCT_NAME = "$(TARGET_NAME)";
				TEST_TARGET_NAME = LwCircleView;
			};
			name = Debug;
		};
		0F6F1C201CA275DE0047FB89 /* Release */ = {
			isa = XCBuildConfiguration;
			buildSettings = {
				INFOPLIST_FILE = LwCircleViewUITests/Info.plist;
				LD_RUNPATH_SEARCH_PATHS = "$(inherited) @executable_path/Frameworks @loader_path/Frameworks";
				PRODUCT_BUNDLE_IDENTIFIER = sss.LwCircleViewUITests;
				PRODUCT_NAME = "$(TARGET_NAME)";
				TEST_TARGET_NAME = LwCircleView;
			};
			name = Release;
		};
/* End XCBuildConfiguration section */

/* Begin XCConfigurationList section */
		0F6F1BE61CA275DE0047FB89 /* Build configuration list for PBXProject "LwCircleView" */ = {
			isa = XCConfigurationList;
			buildConfigurations = (
				0F6F1C161CA275DE0047FB89 /* Debug */,
				0F6F1C171CA275DE0047FB89 /* Release */,
			);
			defaultConfigurationIsVisible = 0;
			defaultConfigurationName = Release;
		};
		0F6F1C181CA275DE0047FB89 /* Build configuration list for PBXNativeTarget "LwCircleView" */ = {
			isa = XCConfigurationList;
			buildConfigurations = (
				0F6F1C191CA275DE0047FB89 /* Debug */,
				0F6F1C1A1CA275DE0047FB89 /* Release */,
			);
			defaultConfigurationIsVisible = 0;
		};
		0F6F1C1B1CA275DE0047FB89 /* Build configuration list for PBXNativeTarget "LwCircleViewTests" */ = {
			isa = XCConfigurationList;
			buildConfigurations = (
				0F6F1C1C1CA275DE0047FB89 /* Debug */,
				0F6F1C1D1CA275DE0047FB89 /* Release */,
			);
			defaultConfigurationIsVisible = 0;
		};
		0F6F1C1E1CA275DE0047FB89 /* Build configuration list for PBXNativeTarget "LwCircleViewUITests" */ = {
			isa = XCConfigurationList;
			buildConfigurations = (
				0F6F1C1F1CA275DE0047FB89 /* Debug */,
				0F6F1C201CA275DE0047FB89 /* Release */,
			);
			defaultConfigurationIsVisible = 0;
		};
/* End XCConfigurationList section */
	};
	rootObject = 0F6F1BE31CA275DE0047FB89 /* Project object */;
}
